// !$*UTF8*$!
{
	archiveVersion = 1;
	classes = {
	};
	objectVersion = 55;
	objects = {

/* Begin PBXBuildFile section */
		6D06B54A2A9861D7004C0F51 /* AppDelegate.swift in Sources */ = {isa = PBXBuildFile; fileRef = 6D06B5492A9861D7004C0F51 /* AppDelegate.swift */; };
		6D06B54C2A9861D7004C0F51 /* SceneDelegate.swift in Sources */ = {isa = PBXBuildFile; fileRef = 6D06B54B2A9861D7004C0F51 /* SceneDelegate.swift */; };
		6D06B54E2A9861D7004C0F51 /* CurrencyHandlerVC.swift in Sources */ = {isa = PBXBuildFile; fileRef = 6D06B54D2A9861D7004C0F51 /* CurrencyHandlerVC.swift */; };
		6D06B5512A9861D7004C0F51 /* Main.storyboard in Resources */ = {isa = PBXBuildFile; fileRef = 6D06B54F2A9861D7004C0F51 /* Main.storyboard */; };
		6D06B5532A9861D9004C0F51 /* Assets.xcassets in Resources */ = {isa = PBXBuildFile; fileRef = 6D06B5522A9861D9004C0F51 /* Assets.xcassets */; };
		6D06B5562A9861D9004C0F51 /* LaunchScreen.storyboard in Resources */ = {isa = PBXBuildFile; fileRef = 6D06B5542A9861D9004C0F51 /* LaunchScreen.storyboard */; };
		6D06B55F2A9867AA004C0F51 /* iOSDropDown in Frameworks */ = {isa = PBXBuildFile; productRef = 6D06B55E2A9867AA004C0F51 /* iOSDropDown */; };
		6D06B5612A987387004C0F51 /* CurrencyConvertVC.swift in Sources */ = {isa = PBXBuildFile; fileRef = 6D06B5602A987387004C0F51 /* CurrencyConvertVC.swift */; };
		6D06B5632A98739A004C0F51 /* CurrencyCompareVC.swift in Sources */ = {isa = PBXBuildFile; fileRef = 6D06B5622A98739A004C0F51 /* CurrencyCompareVC.swift */; };
		6D06B5652A987BC1004C0F51 /* CCLabel.swift in Sources */ = {isa = PBXBuildFile; fileRef = 6D06B5642A987BC1004C0F51 /* CCLabel.swift */; };
		6D0F09172A988CBE005A7117 /* UIView+roundCorner.swift in Sources */ = {isa = PBXBuildFile; fileRef = 6D0F09162A988CBE005A7117 /* UIView+roundCorner.swift */; };
		6D23A7B52A98C6860007C061 /* LogLevel.swift in Sources */ = {isa = PBXBuildFile; fileRef = 6D23A7B42A98C6860007C061 /* LogLevel.swift */; };
		6D23A7B72A98C6910007C061 /* Logging.swift in Sources */ = {isa = PBXBuildFile; fileRef = 6D23A7B62A98C6910007C061 /* Logging.swift */; };
		6D23A7B92A98C6A20007C061 /* LogEngine.swift in Sources */ = {isa = PBXBuildFile; fileRef = 6D23A7B82A98C6A20007C061 /* LogEngine.swift */; };
		6D23A7BB2A98C6AA0007C061 /* LoggerManager.swift in Sources */ = {isa = PBXBuildFile; fileRef = 6D23A7BA2A98C6AA0007C061 /* LoggerManager.swift */; };
		6D3A247F2A99CE9300941039 /* CompareCurrencyService.swift in Sources */ = {isa = PBXBuildFile; fileRef = 6D3A247E2A99CE9300941039 /* CompareCurrencyService.swift */; };
		6DA64DD62A9894EB0002ABDB /* CCSegmentedControl.swift in Sources */ = {isa = PBXBuildFile; fileRef = 6DA64DD52A9894EB0002ABDB /* CCSegmentedControl.swift */; };
		6DC19BCE2A99DBD30058E0F7 /* CurrencyListService.swift in Sources */ = {isa = PBXBuildFile; fileRef = 6DC19BCD2A99DBD30058E0F7 /* CurrencyListService.swift */; };
		6DC19BD02A99DECC0058E0F7 /* CurrencyExchangeRateService.swift in Sources */ = {isa = PBXBuildFile; fileRef = 6DC19BCF2A99DECC0058E0F7 /* CurrencyExchangeRateService.swift */; };
		6DD7BEE82A9928AA003F791A /* NetworkingConstants.swift in Sources */ = {isa = PBXBuildFile; fileRef = 6DD7BEE72A9928AA003F791A /* NetworkingConstants.swift */; };
		6DD7BEEA2A9928FE003F791A /* HTTPClient.swift in Sources */ = {isa = PBXBuildFile; fileRef = 6DD7BEE92A9928FE003F791A /* HTTPClient.swift */; };
		6DD7BEEC2A992968003F791A /* NetworkingRequest.swift in Sources */ = {isa = PBXBuildFile; fileRef = 6DD7BEEB2A992968003F791A /* NetworkingRequest.swift */; };
		6DD7BEEE2A992998003F791A /* HTTPMethod.swift in Sources */ = {isa = PBXBuildFile; fileRef = 6DD7BEED2A992998003F791A /* HTTPMethod.swift */; };
		6DD7BEF02A992DD1003F791A /* NetworkingError.swift in Sources */ = {isa = PBXBuildFile; fileRef = 6DD7BEEF2A992DD1003F791A /* NetworkingError.swift */; };
		6DD7BEF32A992F08003F791A /* URLSessionClient.swift in Sources */ = {isa = PBXBuildFile; fileRef = 6DD7BEF22A992F08003F791A /* URLSessionClient.swift */; };
		6DD7BEF92A99345B003F791A /* CurrencyListRequest.swift in Sources */ = {isa = PBXBuildFile; fileRef = 6DD7BEF82A99345B003F791A /* CurrencyListRequest.swift */; };
		6DD7BEFB2A99362C003F791A /* ConvertCurrencyRequest.swift in Sources */ = {isa = PBXBuildFile; fileRef = 6DD7BEFA2A99362C003F791A /* ConvertCurrencyRequest.swift */; };
		6DD7BEFD2A99363A003F791A /* CompareCurrencyRequest.swift in Sources */ = {isa = PBXBuildFile; fileRef = 6DD7BEFC2A99363A003F791A /* CompareCurrencyRequest.swift */; };
		6DD7BEFF2A9936A4003F791A /* CurrencyExchangeRateRequest.swift in Sources */ = {isa = PBXBuildFile; fileRef = 6DD7BEFE2A9936A4003F791A /* CurrencyExchangeRateRequest.swift */; };
		6DD7BF012A99395D003F791A /* AllCurrenciesResponse.swift in Sources */ = {isa = PBXBuildFile; fileRef = 6DD7BF002A99395D003F791A /* AllCurrenciesResponse.swift */; };
		6DD7BF032A993A20003F791A /* ConvertCurrencyResponse.swift in Sources */ = {isa = PBXBuildFile; fileRef = 6DD7BF022A993A20003F791A /* ConvertCurrencyResponse.swift */; };
		6DD7BF052A993A65003F791A /* CompareCurrencyResponse.swift in Sources */ = {isa = PBXBuildFile; fileRef = 6DD7BF042A993A65003F791A /* CompareCurrencyResponse.swift */; };
		6DD7BF072A993D5D003F791A /* CurrencyExchangeRateResponse.swift in Sources */ = {isa = PBXBuildFile; fileRef = 6DD7BF062A993D5D003F791A /* CurrencyExchangeRateResponse.swift */; };
		6DD7BF0A2A9944A1003F791A /* ConvertCurrecnyService.swift in Sources */ = {isa = PBXBuildFile; fileRef = 6DD7BF092A9944A1003F791A /* ConvertCurrecnyService.swift */; };
/* End PBXBuildFile section */

/* Begin PBXFileReference section */
		6D06B5462A9861D7004C0F51 /* ConCurrency.app */ = {isa = PBXFileReference; explicitFileType = wrapper.application; includeInIndex = 0; path = ConCurrency.app; sourceTree = BUILT_PRODUCTS_DIR; };
		6D06B5492A9861D7004C0F51 /* AppDelegate.swift */ = {isa = PBXFileReference; lastKnownFileType = sourcecode.swift; path = AppDelegate.swift; sourceTree = "<group>"; };
		6D06B54B2A9861D7004C0F51 /* SceneDelegate.swift */ = {isa = PBXFileReference; lastKnownFileType = sourcecode.swift; path = SceneDelegate.swift; sourceTree = "<group>"; };
		6D06B54D2A9861D7004C0F51 /* CurrencyHandlerVC.swift */ = {isa = PBXFileReference; lastKnownFileType = sourcecode.swift; path = CurrencyHandlerVC.swift; sourceTree = "<group>"; };
		6D06B5502A9861D7004C0F51 /* Base */ = {isa = PBXFileReference; lastKnownFileType = file.storyboard; name = Base; path = Base.lproj/Main.storyboard; sourceTree = "<group>"; };
		6D06B5522A9861D9004C0F51 /* Assets.xcassets */ = {isa = PBXFileReference; lastKnownFileType = folder.assetcatalog; path = Assets.xcassets; sourceTree = "<group>"; };
		6D06B5552A9861D9004C0F51 /* Base */ = {isa = PBXFileReference; lastKnownFileType = file.storyboard; name = Base; path = Base.lproj/LaunchScreen.storyboard; sourceTree = "<group>"; };
		6D06B5572A9861D9004C0F51 /* Info.plist */ = {isa = PBXFileReference; lastKnownFileType = text.plist.xml; path = Info.plist; sourceTree = "<group>"; };
		6D06B5602A987387004C0F51 /* CurrencyConvertVC.swift */ = {isa = PBXFileReference; lastKnownFileType = sourcecode.swift; path = CurrencyConvertVC.swift; sourceTree = "<group>"; };
		6D06B5622A98739A004C0F51 /* CurrencyCompareVC.swift */ = {isa = PBXFileReference; lastKnownFileType = sourcecode.swift; path = CurrencyCompareVC.swift; sourceTree = "<group>"; };
		6D06B5642A987BC1004C0F51 /* CCLabel.swift */ = {isa = PBXFileReference; lastKnownFileType = sourcecode.swift; path = CCLabel.swift; sourceTree = "<group>"; };
		6D0F09162A988CBE005A7117 /* UIView+roundCorner.swift */ = {isa = PBXFileReference; lastKnownFileType = sourcecode.swift; path = "UIView+roundCorner.swift"; sourceTree = "<group>"; };
		6D23A7B42A98C6860007C061 /* LogLevel.swift */ = {isa = PBXFileReference; lastKnownFileType = sourcecode.swift; path = LogLevel.swift; sourceTree = "<group>"; };
		6D23A7B62A98C6910007C061 /* Logging.swift */ = {isa = PBXFileReference; lastKnownFileType = sourcecode.swift; path = Logging.swift; sourceTree = "<group>"; };
		6D23A7B82A98C6A20007C061 /* LogEngine.swift */ = {isa = PBXFileReference; lastKnownFileType = sourcecode.swift; path = LogEngine.swift; sourceTree = "<group>"; };
		6D23A7BA2A98C6AA0007C061 /* LoggerManager.swift */ = {isa = PBXFileReference; lastKnownFileType = sourcecode.swift; path = LoggerManager.swift; sourceTree = "<group>"; };
		6D3A247E2A99CE9300941039 /* CompareCurrencyService.swift */ = {isa = PBXFileReference; lastKnownFileType = sourcecode.swift; path = CompareCurrencyService.swift; sourceTree = "<group>"; };
		6DA64DD52A9894EB0002ABDB /* CCSegmentedControl.swift */ = {isa = PBXFileReference; lastKnownFileType = sourcecode.swift; path = CCSegmentedControl.swift; sourceTree = "<group>"; };
		6DC19BCD2A99DBD30058E0F7 /* CurrencyListService.swift */ = {isa = PBXFileReference; lastKnownFileType = sourcecode.swift; path = CurrencyListService.swift; sourceTree = "<group>"; };
		6DC19BCF2A99DECC0058E0F7 /* CurrencyExchangeRateService.swift */ = {isa = PBXFileReference; lastKnownFileType = sourcecode.swift; path = CurrencyExchangeRateService.swift; sourceTree = "<group>"; };
		6DD7BEE72A9928AA003F791A /* NetworkingConstants.swift */ = {isa = PBXFileReference; lastKnownFileType = sourcecode.swift; path = NetworkingConstants.swift; sourceTree = "<group>"; };
		6DD7BEE92A9928FE003F791A /* HTTPClient.swift */ = {isa = PBXFileReference; lastKnownFileType = sourcecode.swift; path = HTTPClient.swift; sourceTree = "<group>"; };
		6DD7BEEB2A992968003F791A /* NetworkingRequest.swift */ = {isa = PBXFileReference; lastKnownFileType = sourcecode.swift; path = NetworkingRequest.swift; sourceTree = "<group>"; };
		6DD7BEED2A992998003F791A /* HTTPMethod.swift */ = {isa = PBXFileReference; lastKnownFileType = sourcecode.swift; path = HTTPMethod.swift; sourceTree = "<group>"; };
		6DD7BEEF2A992DD1003F791A /* NetworkingError.swift */ = {isa = PBXFileReference; lastKnownFileType = sourcecode.swift; path = NetworkingError.swift; sourceTree = "<group>"; };
		6DD7BEF22A992F08003F791A /* URLSessionClient.swift */ = {isa = PBXFileReference; lastKnownFileType = sourcecode.swift; path = URLSessionClient.swift; sourceTree = "<group>"; };
		6DD7BEF82A99345B003F791A /* CurrencyListRequest.swift */ = {isa = PBXFileReference; lastKnownFileType = sourcecode.swift; path = CurrencyListRequest.swift; sourceTree = "<group>"; };
		6DD7BEFA2A99362C003F791A /* ConvertCurrencyRequest.swift */ = {isa = PBXFileReference; lastKnownFileType = sourcecode.swift; path = ConvertCurrencyRequest.swift; sourceTree = "<group>"; };
		6DD7BEFC2A99363A003F791A /* CompareCurrencyRequest.swift */ = {isa = PBXFileReference; lastKnownFileType = sourcecode.swift; path = CompareCurrencyRequest.swift; sourceTree = "<group>"; };
		6DD7BEFE2A9936A4003F791A /* CurrencyExchangeRateRequest.swift */ = {isa = PBXFileReference; lastKnownFileType = sourcecode.swift; path = CurrencyExchangeRateRequest.swift; sourceTree = "<group>"; };
		6DD7BF002A99395D003F791A /* AllCurrenciesResponse.swift */ = {isa = PBXFileReference; lastKnownFileType = sourcecode.swift; path = AllCurrenciesResponse.swift; sourceTree = "<group>"; };
		6DD7BF022A993A20003F791A /* ConvertCurrencyResponse.swift */ = {isa = PBXFileReference; lastKnownFileType = sourcecode.swift; path = ConvertCurrencyResponse.swift; sourceTree = "<group>"; };
		6DD7BF042A993A65003F791A /* CompareCurrencyResponse.swift */ = {isa = PBXFileReference; lastKnownFileType = sourcecode.swift; path = CompareCurrencyResponse.swift; sourceTree = "<group>"; };
		6DD7BF062A993D5D003F791A /* CurrencyExchangeRateResponse.swift */ = {isa = PBXFileReference; lastKnownFileType = sourcecode.swift; path = CurrencyExchangeRateResponse.swift; sourceTree = "<group>"; };
		6DD7BF092A9944A1003F791A /* ConvertCurrecnyService.swift */ = {isa = PBXFileReference; lastKnownFileType = sourcecode.swift; path = ConvertCurrecnyService.swift; sourceTree = "<group>"; };
/* End PBXFileReference section */

/* Begin PBXFrameworksBuildPhase section */
		6D06B5432A9861D7004C0F51 /* Frameworks */ = {
			isa = PBXFrameworksBuildPhase;
			buildActionMask = 2147483647;
			files = (
				6D06B55F2A9867AA004C0F51 /* iOSDropDown in Frameworks */,
			);
			runOnlyForDeploymentPostprocessing = 0;
		};
/* End PBXFrameworksBuildPhase section */

/* Begin PBXGroup section */
		6D06B53D2A9861D7004C0F51 = {
			isa = PBXGroup;
			children = (
				6D06B5482A9861D7004C0F51 /* ConCurrency */,
				6D06B5472A9861D7004C0F51 /* Products */,
			);
			sourceTree = "<group>";
		};
		6D06B5472A9861D7004C0F51 /* Products */ = {
			isa = PBXGroup;
			children = (
				6D06B5462A9861D7004C0F51 /* ConCurrency.app */,
			);
			name = Products;
			sourceTree = "<group>";
		};
		6D06B5482A9861D7004C0F51 /* ConCurrency */ = {
			isa = PBXGroup;
			children = (
				6D06B5492A9861D7004C0F51 /* AppDelegate.swift */,
				6D06B54B2A9861D7004C0F51 /* SceneDelegate.swift */,
				6DD7BEE52A992800003F791A /* Networking */,
				6DA290FC2A98AEF30081AC44 /* Extensions */,
				6DA290F82A98AE980081AC44 /* Resources */,
				6DA290F92A98AEBA0081AC44 /* Controllers */,
				6DA290FA2A98AED80081AC44 /* Views */,
				6D23A7B32A98C6560007C061 /* Logger */,
			);
			path = ConCurrency;
			sourceTree = "<group>";
		};
		6D23A7B32A98C6560007C061 /* Logger */ = {
			isa = PBXGroup;
			children = (
				6D23A7B42A98C6860007C061 /* LogLevel.swift */,
				6D23A7B62A98C6910007C061 /* Logging.swift */,
				6D23A7B82A98C6A20007C061 /* LogEngine.swift */,
				6D23A7BA2A98C6AA0007C061 /* LoggerManager.swift */,
			);
			path = Logger;
			sourceTree = "<group>";
		};
		6DA290F82A98AE980081AC44 /* Resources */ = {
			isa = PBXGroup;
			children = (
				6D06B5522A9861D9004C0F51 /* Assets.xcassets */,
				6D06B5572A9861D9004C0F51 /* Info.plist */,
			);
			path = Resources;
			sourceTree = "<group>";
		};
		6DA290F92A98AEBA0081AC44 /* Controllers */ = {
			isa = PBXGroup;
			children = (
				6D06B54D2A9861D7004C0F51 /* CurrencyHandlerVC.swift */,
				6D06B5602A987387004C0F51 /* CurrencyConvertVC.swift */,
				6D06B5622A98739A004C0F51 /* CurrencyCompareVC.swift */,
			);
			path = Controllers;
			sourceTree = "<group>";
		};
		6DA290FA2A98AED80081AC44 /* Views */ = {
			isa = PBXGroup;
			children = (
				6DA290FB2A98AEE80081AC44 /* CustomViews */,
				6D06B54F2A9861D7004C0F51 /* Main.storyboard */,
				6D06B5542A9861D9004C0F51 /* LaunchScreen.storyboard */,
			);
			path = Views;
			sourceTree = "<group>";
		};
		6DA290FB2A98AEE80081AC44 /* CustomViews */ = {
			isa = PBXGroup;
			children = (
				6D06B5642A987BC1004C0F51 /* CCLabel.swift */,
				6DA64DD52A9894EB0002ABDB /* CCSegmentedControl.swift */,
			);
			path = CustomViews;
			sourceTree = "<group>";
		};
		6DA290FC2A98AEF30081AC44 /* Extensions */ = {
			isa = PBXGroup;
			children = (
				6D0F09162A988CBE005A7117 /* UIView+roundCorner.swift */,
			);
			path = Extensions;
			sourceTree = "<group>";
		};
		6DD7BEE52A992800003F791A /* Networking */ = {
			isa = PBXGroup;
			children = (
				6DD7BEE72A9928AA003F791A /* NetworkingConstants.swift */,
				6DD7BEE62A992866003F791A /* Interface */,
				6DD7BEF12A992EEC003F791A /* Clients */,
				6DD7BF082A993E14003F791A /* Services */,
				6DD7BEF42A993408003F791A /* Data */,
			);
			path = Networking;
			sourceTree = "<group>";
		};
		6DD7BEE62A992866003F791A /* Interface */ = {
			isa = PBXGroup;
			children = (
				6DD7BEE92A9928FE003F791A /* HTTPClient.swift */,
				6DD7BEEB2A992968003F791A /* NetworkingRequest.swift */,
				6DD7BEED2A992998003F791A /* HTTPMethod.swift */,
				6DD7BEEF2A992DD1003F791A /* NetworkingError.swift */,
			);
			path = Interface;
			sourceTree = "<group>";
		};
		6DD7BEF12A992EEC003F791A /* Clients */ = {
			isa = PBXGroup;
			children = (
				6DD7BEF22A992F08003F791A /* URLSessionClient.swift */,
			);
			path = Clients;
			sourceTree = "<group>";
		};
		6DD7BEF42A993408003F791A /* Data */ = {
			isa = PBXGroup;
			children = (
				6DD7BEF52A993429003F791A /* Currencies */,
			);
			path = Data;
			sourceTree = "<group>";
		};
		6DD7BEF52A993429003F791A /* Currencies */ = {
			isa = PBXGroup;
			children = (
				6DD7BEF62A993432003F791A /* Requests */,
				6DD7BEF72A99343D003F791A /* Responses */,
			);
			path = Currencies;
			sourceTree = "<group>";
		};
		6DD7BEF62A993432003F791A /* Requests */ = {
			isa = PBXGroup;
			children = (
				6DD7BEF82A99345B003F791A /* CurrencyListRequest.swift */,
				6DD7BEFA2A99362C003F791A /* ConvertCurrencyRequest.swift */,
				6DD7BEFC2A99363A003F791A /* CompareCurrencyRequest.swift */,
				6DD7BEFE2A9936A4003F791A /* CurrencyExchangeRateRequest.swift */,
			);
			path = Requests;
			sourceTree = "<group>";
		};
		6DD7BEF72A99343D003F791A /* Responses */ = {
			isa = PBXGroup;
			children = (
				6DD7BF002A99395D003F791A /* AllCurrenciesResponse.swift */,
				6DD7BF022A993A20003F791A /* ConvertCurrencyResponse.swift */,
				6DD7BF042A993A65003F791A /* CompareCurrencyResponse.swift */,
				6DD7BF062A993D5D003F791A /* CurrencyExchangeRateResponse.swift */,
			);
			path = Responses;
			sourceTree = "<group>";
		};
		6DD7BF082A993E14003F791A /* Services */ = {
			isa = PBXGroup;
			children = (
				6DD7BF092A9944A1003F791A /* ConvertCurrecnyService.swift */,
				6D3A247E2A99CE9300941039 /* CompareCurrencyService.swift */,
				6DC19BCD2A99DBD30058E0F7 /* CurrencyListService.swift */,
				6DC19BCF2A99DECC0058E0F7 /* CurrencyExchangeRateService.swift */,
			);
			path = Services;
			sourceTree = "<group>";
		};
/* End PBXGroup section */

/* Begin PBXNativeTarget section */
		6D06B5452A9861D7004C0F51 /* ConCurrency */ = {
			isa = PBXNativeTarget;
			buildConfigurationList = 6D06B55A2A9861D9004C0F51 /* Build configuration list for PBXNativeTarget "ConCurrency" */;
			buildPhases = (
				6D06B5422A9861D7004C0F51 /* Sources */,
				6D06B5432A9861D7004C0F51 /* Frameworks */,
				6D06B5442A9861D7004C0F51 /* Resources */,
			);
			buildRules = (
			);
			dependencies = (
			);
			name = ConCurrency;
			packageProductDependencies = (
				6D06B55E2A9867AA004C0F51 /* iOSDropDown */,
			);
			productName = ConCurrency;
			productReference = 6D06B5462A9861D7004C0F51 /* ConCurrency.app */;
			productType = "com.apple.product-type.application";
		};
/* End PBXNativeTarget section */

/* Begin PBXProject section */
		6D06B53E2A9861D7004C0F51 /* Project object */ = {
			isa = PBXProject;
			attributes = {
				BuildIndependentTargetsInParallel = 1;
				LastSwiftUpdateCheck = 1410;
				LastUpgradeCheck = 1410;
				TargetAttributes = {
					6D06B5452A9861D7004C0F51 = {
						CreatedOnToolsVersion = 14.1;
					};
				};
			};
			buildConfigurationList = 6D06B5412A9861D7004C0F51 /* Build configuration list for PBXProject "ConCurrency" */;
			compatibilityVersion = "Xcode 13.0";
			developmentRegion = en;
			hasScannedForEncodings = 0;
			knownRegions = (
				en,
				Base,
			);
			mainGroup = 6D06B53D2A9861D7004C0F51;
			packageReferences = (
				6D06B55D2A9867AA004C0F51 /* XCRemoteSwiftPackageReference "iOSDropDown" */,
			);
			productRefGroup = 6D06B5472A9861D7004C0F51 /* Products */;
			projectDirPath = "";
			projectRoot = "";
			targets = (
				6D06B5452A9861D7004C0F51 /* ConCurrency */,
			);
		};
/* End PBXProject section */

/* Begin PBXResourcesBuildPhase section */
		6D06B5442A9861D7004C0F51 /* Resources */ = {
			isa = PBXResourcesBuildPhase;
			buildActionMask = 2147483647;
			files = (
				6D06B5562A9861D9004C0F51 /* LaunchScreen.storyboard in Resources */,
				6D06B5532A9861D9004C0F51 /* Assets.xcassets in Resources */,
				6D06B5512A9861D7004C0F51 /* Main.storyboard in Resources */,
			);
			runOnlyForDeploymentPostprocessing = 0;
		};
/* End PBXResourcesBuildPhase section */

/* Begin PBXSourcesBuildPhase section */
		6D06B5422A9861D7004C0F51 /* Sources */ = {
			isa = PBXSourcesBuildPhase;
			buildActionMask = 2147483647;
			files = (
				6D06B54E2A9861D7004C0F51 /* CurrencyHandlerVC.swift in Sources */,
				6D23A7B72A98C6910007C061 /* Logging.swift in Sources */,
				6D3A247F2A99CE9300941039 /* CompareCurrencyService.swift in Sources */,
				6D23A7B92A98C6A20007C061 /* LogEngine.swift in Sources */,
				6D06B54A2A9861D7004C0F51 /* AppDelegate.swift in Sources */,
				6DD7BF0A2A9944A1003F791A /* ConvertCurrecnyService.swift in Sources */,
				6D06B54C2A9861D7004C0F51 /* SceneDelegate.swift in Sources */,
				6DD7BEF02A992DD1003F791A /* NetworkingError.swift in Sources */,
				6DC19BD02A99DECC0058E0F7 /* CurrencyExchangeRateService.swift in Sources */,
				6D23A7BB2A98C6AA0007C061 /* LoggerManager.swift in Sources */,
				6DD7BEF32A992F08003F791A /* URLSessionClient.swift in Sources */,
				6D06B5612A987387004C0F51 /* CurrencyConvertVC.swift in Sources */,
				6DD7BF012A99395D003F791A /* AllCurrenciesResponse.swift in Sources */,
				6DD7BF072A993D5D003F791A /* CurrencyExchangeRateResponse.swift in Sources */,
				6DD7BEEC2A992968003F791A /* NetworkingRequest.swift in Sources */,
				6D06B5652A987BC1004C0F51 /* CCLabel.swift in Sources */,
				6DD7BEE82A9928AA003F791A /* NetworkingConstants.swift in Sources */,
				6DD7BEFB2A99362C003F791A /* ConvertCurrencyRequest.swift in Sources */,
				6DD7BEFF2A9936A4003F791A /* CurrencyExchangeRateRequest.swift in Sources */,
				6DD7BEF92A99345B003F791A /* CurrencyListRequest.swift in Sources */,
				6D0F09172A988CBE005A7117 /* UIView+roundCorner.swift in Sources */,
				6DD7BEEA2A9928FE003F791A /* HTTPClient.swift in Sources */,
				6DD7BEEE2A992998003F791A /* HTTPMethod.swift in Sources */,
				6DD7BF032A993A20003F791A /* ConvertCurrencyResponse.swift in Sources */,
				6DA64DD62A9894EB0002ABDB /* CCSegmentedControl.swift in Sources */,
				6D23A7B52A98C6860007C061 /* LogLevel.swift in Sources */,
				6DC19BCE2A99DBD30058E0F7 /* CurrencyListService.swift in Sources */,
				6DD7BF052A993A65003F791A /* CompareCurrencyResponse.swift in Sources */,
				6DD7BEFD2A99363A003F791A /* CompareCurrencyRequest.swift in Sources */,
				6D06B5632A98739A004C0F51 /* CurrencyCompareVC.swift in Sources */,
			);
			runOnlyForDeploymentPostprocessing = 0;
		};
/* End PBXSourcesBuildPhase section */

/* Begin PBXVariantGroup section */
		6D06B54F2A9861D7004C0F51 /* Main.storyboard */ = {
			isa = PBXVariantGroup;
			children = (
				6D06B5502A9861D7004C0F51 /* Base */,
			);
			name = Main.storyboard;
			sourceTree = "<group>";
		};
		6D06B5542A9861D9004C0F51 /* LaunchScreen.storyboard */ = {
			isa = PBXVariantGroup;
			children = (
				6D06B5552A9861D9004C0F51 /* Base */,
			);
			name = LaunchScreen.storyboard;
			sourceTree = "<group>";
		};
/* End PBXVariantGroup section */

/* Begin XCBuildConfiguration section */
		6D06B5582A9861D9004C0F51 /* Debug */ = {
			isa = XCBuildConfiguration;
			buildSettings = {
				ALWAYS_SEARCH_USER_PATHS = NO;
				CLANG_ANALYZER_NONNULL = YES;
				CLANG_ANALYZER_NUMBER_OBJECT_CONVERSION = YES_AGGRESSIVE;
				CLANG_CXX_LANGUAGE_STANDARD = "gnu++20";
				CLANG_ENABLE_MODULES = YES;
				CLANG_ENABLE_OBJC_ARC = YES;
				CLANG_ENABLE_OBJC_WEAK = YES;
				CLANG_WARN_BLOCK_CAPTURE_AUTORELEASING = YES;
				CLANG_WARN_BOOL_CONVERSION = YES;
				CLANG_WARN_COMMA = YES;
				CLANG_WARN_CONSTANT_CONVERSION = YES;
				CLANG_WARN_DEPRECATED_OBJC_IMPLEMENTATIONS = YES;
				CLANG_WARN_DIRECT_OBJC_ISA_USAGE = YES_ERROR;
				CLANG_WARN_DOCUMENTATION_COMMENTS = YES;
				CLANG_WARN_EMPTY_BODY = YES;
				CLANG_WARN_ENUM_CONVERSION = YES;
				CLANG_WARN_INFINITE_RECURSION = YES;
				CLANG_WARN_INT_CONVERSION = YES;
				CLANG_WARN_NON_LITERAL_NULL_CONVERSION = YES;
				CLANG_WARN_OBJC_IMPLICIT_RETAIN_SELF = YES;
				CLANG_WARN_OBJC_LITERAL_CONVERSION = YES;
				CLANG_WARN_OBJC_ROOT_CLASS = YES_ERROR;
				CLANG_WARN_QUOTED_INCLUDE_IN_FRAMEWORK_HEADER = YES;
				CLANG_WARN_RANGE_LOOP_ANALYSIS = YES;
				CLANG_WARN_STRICT_PROTOTYPES = YES;
				CLANG_WARN_SUSPICIOUS_MOVE = YES;
				CLANG_WARN_UNGUARDED_AVAILABILITY = YES_AGGRESSIVE;
				CLANG_WARN_UNREACHABLE_CODE = YES;
				CLANG_WARN__DUPLICATE_METHOD_MATCH = YES;
				COPY_PHASE_STRIP = NO;
				DEBUG_INFORMATION_FORMAT = dwarf;
				ENABLE_STRICT_OBJC_MSGSEND = YES;
				ENABLE_TESTABILITY = YES;
				GCC_C_LANGUAGE_STANDARD = gnu11;
				GCC_DYNAMIC_NO_PIC = NO;
				GCC_NO_COMMON_BLOCKS = YES;
				GCC_OPTIMIZATION_LEVEL = 0;
				GCC_PREPROCESSOR_DEFINITIONS = (
					"DEBUG=1",
					"$(inherited)",
				);
				GCC_WARN_64_TO_32_BIT_CONVERSION = YES;
				GCC_WARN_ABOUT_RETURN_TYPE = YES_ERROR;
				GCC_WARN_UNDECLARED_SELECTOR = YES;
				GCC_WARN_UNINITIALIZED_AUTOS = YES_AGGRESSIVE;
				GCC_WARN_UNUSED_FUNCTION = YES;
				GCC_WARN_UNUSED_VARIABLE = YES;
				IPHONEOS_DEPLOYMENT_TARGET = 16.1;
				MTL_ENABLE_DEBUG_INFO = INCLUDE_SOURCE;
				MTL_FAST_MATH = YES;
				ONLY_ACTIVE_ARCH = YES;
				SDKROOT = iphoneos;
				SWIFT_ACTIVE_COMPILATION_CONDITIONS = DEBUG;
				SWIFT_OPTIMIZATION_LEVEL = "-Onone";
			};
			name = Debug;
		};
		6D06B5592A9861D9004C0F51 /* Release */ = {
			isa = XCBuildConfiguration;
			buildSettings = {
				ALWAYS_SEARCH_USER_PATHS = NO;
				CLANG_ANALYZER_NONNULL = YES;
				CLANG_ANALYZER_NUMBER_OBJECT_CONVERSION = YES_AGGRESSIVE;
				CLANG_CXX_LANGUAGE_STANDARD = "gnu++20";
				CLANG_ENABLE_MODULES = YES;
				CLANG_ENABLE_OBJC_ARC = YES;
				CLANG_ENABLE_OBJC_WEAK = YES;
				CLANG_WARN_BLOCK_CAPTURE_AUTORELEASING = YES;
				CLANG_WARN_BOOL_CONVERSION = YES;
				CLANG_WARN_COMMA = YES;
				CLANG_WARN_CONSTANT_CONVERSION = YES;
				CLANG_WARN_DEPRECATED_OBJC_IMPLEMENTATIONS = YES;
				CLANG_WARN_DIRECT_OBJC_ISA_USAGE = YES_ERROR;
				CLANG_WARN_DOCUMENTATION_COMMENTS = YES;
				CLANG_WARN_EMPTY_BODY = YES;
				CLANG_WARN_ENUM_CONVERSION = YES;
				CLANG_WARN_INFINITE_RECURSION = YES;
				CLANG_WARN_INT_CONVERSION = YES;
				CLANG_WARN_NON_LITERAL_NULL_CONVERSION = YES;
				CLANG_WARN_OBJC_IMPLICIT_RETAIN_SELF = YES;
				CLANG_WARN_OBJC_LITERAL_CONVERSION = YES;
				CLANG_WARN_OBJC_ROOT_CLASS = YES_ERROR;
				CLANG_WARN_QUOTED_INCLUDE_IN_FRAMEWORK_HEADER = YES;
				CLANG_WARN_RANGE_LOOP_ANALYSIS = YES;
				CLANG_WARN_STRICT_PROTOTYPES = YES;
				CLANG_WARN_SUSPICIOUS_MOVE = YES;
				CLANG_WARN_UNGUARDED_AVAILABILITY = YES_AGGRESSIVE;
				CLANG_WARN_UNREACHABLE_CODE = YES;
				CLANG_WARN__DUPLICATE_METHOD_MATCH = YES;
				COPY_PHASE_STRIP = NO;
				DEBUG_INFORMATION_FORMAT = "dwarf-with-dsym";
				ENABLE_NS_ASSERTIONS = NO;
				ENABLE_STRICT_OBJC_MSGSEND = YES;
				GCC_C_LANGUAGE_STANDARD = gnu11;
				GCC_NO_COMMON_BLOCKS = YES;
				GCC_WARN_64_TO_32_BIT_CONVERSION = YES;
				GCC_WARN_ABOUT_RETURN_TYPE = YES_ERROR;
				GCC_WARN_UNDECLARED_SELECTOR = YES;
				GCC_WARN_UNINITIALIZED_AUTOS = YES_AGGRESSIVE;
				GCC_WARN_UNUSED_FUNCTION = YES;
				GCC_WARN_UNUSED_VARIABLE = YES;
				IPHONEOS_DEPLOYMENT_TARGET = 16.1;
				MTL_ENABLE_DEBUG_INFO = NO;
				MTL_FAST_MATH = YES;
				SDKROOT = iphoneos;
				SWIFT_COMPILATION_MODE = wholemodule;
				SWIFT_OPTIMIZATION_LEVEL = "-O";
				VALIDATE_PRODUCT = YES;
			};
			name = Release;
		};
		6D06B55B2A9861D9004C0F51 /* Debug */ = {
			isa = XCBuildConfiguration;
			buildSettings = {
				ASSETCATALOG_COMPILER_APPICON_NAME = AppIcon;
				ASSETCATALOG_COMPILER_GLOBAL_ACCENT_COLOR_NAME = AccentColor;
				CODE_SIGN_STYLE = Automatic;
				CURRENT_PROJECT_VERSION = 1;
				DEVELOPMENT_TEAM = 8XGQ42A4RX;
				GENERATE_INFOPLIST_FILE = YES;
				INFOPLIST_FILE = ConCurrency/Resources/Info.plist;
				INFOPLIST_KEY_UIApplicationSupportsIndirectInputEvents = YES;
				INFOPLIST_KEY_UILaunchStoryboardName = LaunchScreen;
				INFOPLIST_KEY_UIMainStoryboardFile = Main;
				INFOPLIST_KEY_UISupportedInterfaceOrientations_iPad = "UIInterfaceOrientationPortrait UIInterfaceOrientationPortraitUpsideDown UIInterfaceOrientationLandscapeLeft UIInterfaceOrientationLandscapeRight";
				INFOPLIST_KEY_UISupportedInterfaceOrientations_iPhone = "UIInterfaceOrientationPortrait UIInterfaceOrientationLandscapeLeft UIInterfaceOrientationLandscapeRight";
				IPHONEOS_DEPLOYMENT_TARGET = 15.0;
				LD_RUNPATH_SEARCH_PATHS = (
					"$(inherited)",
					"@executable_path/Frameworks",
				);
				MARKETING_VERSION = 1.0;
				PRODUCT_BUNDLE_IDENTIFIER = com.BanqueMisr.ConCurrency;
				PRODUCT_NAME = "$(TARGET_NAME)";
				SWIFT_EMIT_LOC_STRINGS = YES;
				SWIFT_VERSION = 5.0;
				TARGETED_DEVICE_FAMILY = "1,2";
			};
			name = Debug;
		};
		6D06B55C2A9861D9004C0F51 /* Release */ = {
			isa = XCBuildConfiguration;
			buildSettings = {
				ASSETCATALOG_COMPILER_APPICON_NAME = AppIcon;
				ASSETCATALOG_COMPILER_GLOBAL_ACCENT_COLOR_NAME = AccentColor;
				CODE_SIGN_STYLE = Automatic;
				CURRENT_PROJECT_VERSION = 1;
				DEVELOPMENT_TEAM = 8XGQ42A4RX;
				GENERATE_INFOPLIST_FILE = YES;
				INFOPLIST_FILE = ConCurrency/Resources/Info.plist;
				INFOPLIST_KEY_UIApplicationSupportsIndirectInputEvents = YES;
				INFOPLIST_KEY_UILaunchStoryboardName = LaunchScreen;
				INFOPLIST_KEY_UIMainStoryboardFile = Main;
				INFOPLIST_KEY_UISupportedInterfaceOrientations_iPad = "UIInterfaceOrientationPortrait UIInterfaceOrientationPortraitUpsideDown UIInterfaceOrientationLandscapeLeft UIInterfaceOrientationLandscapeRight";
				INFOPLIST_KEY_UISupportedInterfaceOrientations_iPhone = "UIInterfaceOrientationPortrait UIInterfaceOrientationLandscapeLeft UIInterfaceOrientationLandscapeRight";
				IPHONEOS_DEPLOYMENT_TARGET = 15.0;
				LD_RUNPATH_SEARCH_PATHS = (
					"$(inherited)",
					"@executable_path/Frameworks",
				);
				MARKETING_VERSION = 1.0;
				PRODUCT_BUNDLE_IDENTIFIER = com.BanqueMisr.ConCurrency;
				PRODUCT_NAME = "$(TARGET_NAME)";
				SWIFT_EMIT_LOC_STRINGS = YES;
				SWIFT_VERSION = 5.0;
				TARGETED_DEVICE_FAMILY = "1,2";
			};
			name = Release;
		};
/* End XCBuildConfiguration section */

/* Begin XCConfigurationList section */
		6D06B5412A9861D7004C0F51 /* Build configuration list for PBXProject "ConCurrency" */ = {
			isa = XCConfigurationList;
			buildConfigurations = (
				6D06B5582A9861D9004C0F51 /* Debug */,
				6D06B5592A9861D9004C0F51 /* Release */,
			);
			defaultConfigurationIsVisible = 0;
			defaultConfigurationName = Release;
		};
		6D06B55A2A9861D9004C0F51 /* Build configuration list for PBXNativeTarget "ConCurrency" */ = {
			isa = XCConfigurationList;
			buildConfigurations = (
				6D06B55B2A9861D9004C0F51 /* Debug */,
				6D06B55C2A9861D9004C0F51 /* Release */,
			);
			defaultConfigurationIsVisible = 0;
			defaultConfigurationName = Release;
		};
/* End XCConfigurationList section */

/* Begin XCRemoteSwiftPackageReference section */
		6D06B55D2A9867AA004C0F51 /* XCRemoteSwiftPackageReference "iOSDropDown" */ = {
			isa = XCRemoteSwiftPackageReference;
			repositoryURL = "https://github.com/jriosdev/iOSDropDown.git";
			requirement = {
				kind = upToNextMajorVersion;
				minimumVersion = 0.4.0;
			};
		};
/* End XCRemoteSwiftPackageReference section */

/* Begin XCSwiftPackageProductDependency section */
		6D06B55E2A9867AA004C0F51 /* iOSDropDown */ = {
			isa = XCSwiftPackageProductDependency;
			package = 6D06B55D2A9867AA004C0F51 /* XCRemoteSwiftPackageReference "iOSDropDown" */;
			productName = iOSDropDown;
		};
/* End XCSwiftPackageProductDependency section */
	};
	rootObject = 6D06B53E2A9861D7004C0F51 /* Project object */;
}
